{
  "requires": true,
  "lockfileVersion": 1,
  "dependencies": {
    "@angular/core": {
      "version": "7.2.2",
      "resolved": "https://registry.npmjs.org/@angular/core/-/core-7.2.2.tgz",
      "integrity": "sha512-kQ0HxUYAPvly8b3aibTGbiodFnBBgo3asXAQuPgFjYYEqcKR1zZII7PQdaEF9kb9sfm/IKLKj4nd9fZ0gcgqZg==",
      "requires": {
        "tslib": "^1.9.0"
      }
    },
    "ng4-loading-spinner": {
      "version": "1.2.3",
      "resolved": "https://registry.npmjs.org/ng4-loading-spinner/-/ng4-loading-spinner-1.2.3.tgz",
      "integrity": "sha512-AxokaWmIMSv4YeZcwzSCs0f1PBnn/lgOVpaXuR5PdnNqGkpDema6b2KwONLtdzmL5YqKOpQo8DoyTRhlzGoohQ=="
    },
    "ngx-spinner": {
      "version": "6.1.2",
      "resolved": "https://registry.npmjs.org/ngx-spinner/-/ngx-spinner-6.1.2.tgz",
      "integrity": "sha512-j/R8T5vKvsLLib1pTxKLYK3GYAFXw5VoUJmaTlcocO6Yi4qIypfhmw9PX9triy7hWVGPu6cUzVs7g9cEG9OYBA==",
      "requires": {
        "tslib": "^1.9.0"
      }
    },
    "rxjs": {
      "version": "6.3.3",
      "resolved": "https://registry.npmjs.org/rxjs/-/rxjs-6.3.3.tgz",
      "integrity": "sha512-JTWmoY9tWCs7zvIk/CvRjhjGaOd+OVBM987mxFo+OW66cGpdKjZcpmc74ES1sB//7Kl/PAe8+wEakuhG4pcgOw==",
      "requires": {
        "tslib": "^1.9.0"
      }
    },
    "tslib": {
      "version": "1.9.3",
      "resolved": "https://registry.npmjs.org/tslib/-/tslib-1.9.3.tgz",
      "integrity": "sha512-4krF8scpejhaOgqzBEcGM7yDIEfi0/8+8zDRZhNZZ2kjmHJ4hv3zCbQWxoJGz1iw5U0Jl0nma13xzHXcncMavQ=="
    },
    "zone.js": {
      "version": "0.8.29",
      "resolved": "https://registry.npmjs.org/zone.js/-/zone.js-0.8.29.tgz",
      "integrity": "sha512-mla2acNCMkWXBD+c+yeUrBUrzOxYMNFdQ6FGfigGGtEVBPJx07BQeJekjt9DmH1FtZek4E9rE1eRR9qQpxACOQ=="
    }
  }
}
